
Microsoft Visual Studio Solution File, Format Version 12.00
# Visual Studio 14
VisualStudioVersion = 14.0.25420.1
MinimumVisualStudioVersion = 10.0.40219.1
Project("{FAE04EC0-301F-11D3-BF4B-00C04F79EFBC}") = "1. Sum Matrix Elements", "Lab - Multidimensional Arrays\1. Sum Matrix Elements.csproj", "{01AAAC8D-1741-4FA8-8559-36C3198B52CE}"
EndProject
Project("{FAE04EC0-301F-11D3-BF4B-00C04F79EFBC}") = "2. Square With Maximum Sum", "2. Square With Maximum Sum\2. Square With Maximum Sum.csproj", "{6A343D7A-4BC1-41E8-882C-AF050E977092}"
EndProject
Global
	GlobalSection(SolutionConfigurationPlatforms) = preSolution
		Debug|Any CPU = Debug|Any CPU
		Release|Any CPU = Release|Any CPU
	EndGlobalSection
	GlobalSection(ProjectConfigurationPlatforms) = postSolution
		{01AAAC8D-1741-4FA8-8559-36C3198B52CE}.Debug|Any CPU.ActiveCfg = Debug|Any CPU
		{01AAAC8D-1741-4FA8-8559-36C3198B52CE}.Debug|Any CPU.Build.0 = Debug|Any CPU
		{01AAAC8D-1741-4FA8-8559-36C3198B52CE}.Release|Any CPU.ActiveCfg = Release|Any CPU
		{01AAAC8D-1741-4FA8-8559-36C3198B52CE}.Release|Any CPU.Build.0 = Release|Any CPU
		{6A343D7A-4BC1-41E8-882C-AF050E977092}.Debug|Any CPU.ActiveCfg = Debug|Any CPU
		{6A343D7A-4BC1-41E8-882C-AF050E977092}.Debug|Any CPU.Build.0 = Debug|Any CPU
		{6A343D7A-4BC1-41E8-882C-AF050E977092}.Release|Any CPU.ActiveCfg = Release|Any CPU
		{6A343D7A-4BC1-41E8-882C-AF050E977092}.Release|Any CPU.Build.0 = Release|Any CPU
	EndGlobalSection
	GlobalSection(SolutionProperties) = preSolution
		HideSolutionNode = FALSE
	EndGlobalSection
EndGlobal
